// !$*UTF8*$!
{
	archiveVersion = 1;
	classes = {
	};
	objectVersion = 46;
	objects = {

/* Begin PBXBuildFile section */
		27AAC22C1B50ABAF00D99171 /* NewItemTableViewController.m in Sources */ = {isa = PBXBuildFile; fileRef = 27AAC22B1B50ABAF00D99171 /* NewItemTableViewController.m */; };
		27B039FF1B43B6830054B6D2 /* ContactsViewController.m in Sources */ = {isa = PBXBuildFile; fileRef = 27B039FE1B43B6830054B6D2 /* ContactsViewController.m */; };
		27B03A021B43B8660054B6D2 /* AddressBook.framework in Frameworks */ = {isa = PBXBuildFile; fileRef = 27B03A001B43B8660054B6D2 /* AddressBook.framework */; };
		27B03A031B43B8660054B6D2 /* AddressBookUI.framework in Frameworks */ = {isa = PBXBuildFile; fileRef = 27B03A011B43B8660054B6D2 /* AddressBookUI.framework */; };
		27C70F051B32AF8000DADEB3 /* main.m in Sources */ = {isa = PBXBuildFile; fileRef = 27C70F041B32AF8000DADEB3 /* main.m */; };
		27C70F081B32AF8000DADEB3 /* AppDelegate.m in Sources */ = {isa = PBXBuildFile; fileRef = 27C70F071B32AF8000DADEB3 /* AppDelegate.m */; };
		27C70F0B1B32AF8000DADEB3 /* ShlistServer.m in Sources */ = {isa = PBXBuildFile; fileRef = 27C70F0A1B32AF8000DADEB3 /* ShlistServer.m */; };
		27C70F0E1B32AF8000DADEB3 /* Main.storyboard in Resources */ = {isa = PBXBuildFile; fileRef = 27C70F0C1B32AF8000DADEB3 /* Main.storyboard */; };
		27C70F101B32AF8000DADEB3 /* Images.xcassets in Resources */ = {isa = PBXBuildFile; fileRef = 27C70F0F1B32AF8000DADEB3 /* Images.xcassets */; };
		27C70F131B32AF8000DADEB3 /* LaunchScreen.xib in Resources */ = {isa = PBXBuildFile; fileRef = 27C70F111B32AF8000DADEB3 /* LaunchScreen.xib */; };
		27C70F1F1B32AF8000DADEB3 /* shlistTests.m in Sources */ = {isa = PBXBuildFile; fileRef = 27C70F1E1B32AF8000DADEB3 /* shlistTests.m */; };
		27C70F2A1B33D1C900DADEB3 /* SharedList.m in Sources */ = {isa = PBXBuildFile; fileRef = 27C70F291B33D1C900DADEB3 /* SharedList.m */; };
		27C70F2D1B33F3C300DADEB3 /* NewListViewController.m in Sources */ = {isa = PBXBuildFile; fileRef = 27C70F2C1B33F3C300DADEB3 /* NewListViewController.m */; };
		27C70F301B33F4FA00DADEB3 /* SharedListsTableViewController.m in Sources */ = {isa = PBXBuildFile; fileRef = 27C70F2F1B33F4FA00DADEB3 /* SharedListsTableViewController.m */; };
		27D805731BA2649D00867494 /* ContactsTableViewController.m in Sources */ = {isa = PBXBuildFile; fileRef = 27D805721BA2649D00867494 /* ContactsTableViewController.m */; };
		27DCC9DE1B8A98D400207340 /* dollar103-2.png in Resources */ = {isa = PBXBuildFile; fileRef = 27DCC9DD1B8A98D400207340 /* dollar103-2.png */; };
		27DCC9E81B9EB4E800207340 /* information15-3.png in Resources */ = {isa = PBXBuildFile; fileRef = 27DCC9E71B9EB4E800207340 /* information15-3.png */; };
		27DCC9EB1B9FF89E00207340 /* AddressBook.m in Sources */ = {isa = PBXBuildFile; fileRef = 27DCC9EA1B9FF89E00207340 /* AddressBook.m */; };
		BF7776B91B38928D00526CB0 /* ListDetailTableViewController.m in Sources */ = {isa = PBXBuildFile; fileRef = BF7776B81B38928D00526CB0 /* ListDetailTableViewController.m */; };
		BF7776BC1B38D0DB00526CB0 /* ListItem.m in Sources */ = {isa = PBXBuildFile; fileRef = BF7776BB1B38D0DB00526CB0 /* ListItem.m */; };
/* End PBXBuildFile section */

/* Begin PBXContainerItemProxy section */
		27C70F191B32AF8000DADEB3 /* PBXContainerItemProxy */ = {
			isa = PBXContainerItemProxy;
			containerPortal = 27C70EF71B32AF7F00DADEB3 /* Project object */;
			proxyType = 1;
			remoteGlobalIDString = 27C70EFE1B32AF8000DADEB3;
			remoteInfo = shlist;
		};
/* End PBXContainerItemProxy section */

/* Begin PBXFileReference section */
		27AAC22A1B50ABAF00D99171 /* NewItemTableViewController.h */ = {isa = PBXFileReference; fileEncoding = 4; lastKnownFileType = sourcecode.c.h; path = NewItemTableViewController.h; sourceTree = "<group>"; };
		27AAC22B1B50ABAF00D99171 /* NewItemTableViewController.m */ = {isa = PBXFileReference; fileEncoding = 4; lastKnownFileType = sourcecode.c.objc; path = NewItemTableViewController.m; sourceTree = "<group>"; };
		27B039FD1B43B6830054B6D2 /* ContactsViewController.h */ = {isa = PBXFileReference; fileEncoding = 4; lastKnownFileType = sourcecode.c.h; path = ContactsViewController.h; sourceTree = SOURCE_ROOT; };
		27B039FE1B43B6830054B6D2 /* ContactsViewController.m */ = {isa = PBXFileReference; fileEncoding = 4; lastKnownFileType = sourcecode.c.objc; path = ContactsViewController.m; sourceTree = SOURCE_ROOT; };
		27B03A001B43B8660054B6D2 /* AddressBook.framework */ = {isa = PBXFileReference; lastKnownFileType = wrapper.framework; name = AddressBook.framework; path = System/Library/Frameworks/AddressBook.framework; sourceTree = SDKROOT; };
		27B03A011B43B8660054B6D2 /* AddressBookUI.framework */ = {isa = PBXFileReference; lastKnownFileType = wrapper.framework; name = AddressBookUI.framework; path = System/Library/Frameworks/AddressBookUI.framework; sourceTree = SDKROOT; };
		27C70EFF1B32AF8000DADEB3 /* shlist.app */ = {isa = PBXFileReference; explicitFileType = wrapper.application; includeInIndex = 0; path = shlist.app; sourceTree = BUILT_PRODUCTS_DIR; };
		27C70F031B32AF8000DADEB3 /* Info.plist */ = {isa = PBXFileReference; lastKnownFileType = text.plist.xml; path = Info.plist; sourceTree = "<group>"; };
		27C70F041B32AF8000DADEB3 /* main.m */ = {isa = PBXFileReference; lastKnownFileType = sourcecode.c.objc; path = main.m; sourceTree = "<group>"; tabWidth = 8; usesTabs = 1; };
		27C70F061B32AF8000DADEB3 /* AppDelegate.h */ = {isa = PBXFileReference; lastKnownFileType = sourcecode.c.h; path = AppDelegate.h; sourceTree = "<group>"; };
		27C70F071B32AF8000DADEB3 /* AppDelegate.m */ = {isa = PBXFileReference; lastKnownFileType = sourcecode.c.objc; path = AppDelegate.m; sourceTree = "<group>"; };
		27C70F091B32AF8000DADEB3 /* ShlistServer.h */ = {isa = PBXFileReference; lastKnownFileType = sourcecode.c.h; name = ShlistServer.h; path = shlist/ShlistServer.h; sourceTree = "<group>"; };
		27C70F0A1B32AF8000DADEB3 /* ShlistServer.m */ = {isa = PBXFileReference; lastKnownFileType = sourcecode.c.objc; name = ShlistServer.m; path = shlist/ShlistServer.m; sourceTree = "<group>"; };
		27C70F0D1B32AF8000DADEB3 /* Base */ = {isa = PBXFileReference; lastKnownFileType = file.storyboard; name = Base; path = Base.lproj/Main.storyboard; sourceTree = "<group>"; };
		27C70F0F1B32AF8000DADEB3 /* Images.xcassets */ = {isa = PBXFileReference; lastKnownFileType = folder.assetcatalog; path = Images.xcassets; sourceTree = "<group>"; };
		27C70F121B32AF8000DADEB3 /* Base */ = {isa = PBXFileReference; lastKnownFileType = file.xib; name = Base; path = Base.lproj/LaunchScreen.xib; sourceTree = "<group>"; };
		27C70F181B32AF8000DADEB3 /* shlistTests.xctest */ = {isa = PBXFileReference; explicitFileType = wrapper.cfbundle; includeInIndex = 0; path = shlistTests.xctest; sourceTree = BUILT_PRODUCTS_DIR; };
		27C70F1D1B32AF8000DADEB3 /* Info.plist */ = {isa = PBXFileReference; lastKnownFileType = text.plist.xml; path = Info.plist; sourceTree = "<group>"; };
		27C70F1E1B32AF8000DADEB3 /* shlistTests.m */ = {isa = PBXFileReference; lastKnownFileType = sourcecode.c.objc; path = shlistTests.m; sourceTree = "<group>"; };
		27C70F281B33CE2500DADEB3 /* SharedList.h */ = {isa = PBXFileReference; lastKnownFileType = sourcecode.c.h; path = SharedList.h; sourceTree = "<group>"; };
		27C70F291B33D1C900DADEB3 /* SharedList.m */ = {isa = PBXFileReference; fileEncoding = 4; lastKnownFileType = sourcecode.c.objc; path = SharedList.m; sourceTree = "<group>"; };
		27C70F2B1B33F3C300DADEB3 /* NewListViewController.h */ = {isa = PBXFileReference; fileEncoding = 4; lastKnownFileType = sourcecode.c.h; path = NewListViewController.h; sourceTree = "<group>"; };
		27C70F2C1B33F3C300DADEB3 /* NewListViewController.m */ = {isa = PBXFileReference; fileEncoding = 4; lastKnownFileType = sourcecode.c.objc; path = NewListViewController.m; sourceTree = "<group>"; };
		27C70F2E1B33F4FA00DADEB3 /* SharedListsTableViewController.h */ = {isa = PBXFileReference; fileEncoding = 4; lastKnownFileType = sourcecode.c.h; path = SharedListsTableViewController.h; sourceTree = "<group>"; };
		27C70F2F1B33F4FA00DADEB3 /* SharedListsTableViewController.m */ = {isa = PBXFileReference; fileEncoding = 4; lastKnownFileType = sourcecode.c.objc; path = SharedListsTableViewController.m; sourceTree = "<group>"; };
		27D805711BA2649D00867494 /* ContactsTableViewController.h */ = {isa = PBXFileReference; fileEncoding = 4; lastKnownFileType = sourcecode.c.h; path = ContactsTableViewController.h; sourceTree = SOURCE_ROOT; };
		27D805721BA2649D00867494 /* ContactsTableViewController.m */ = {isa = PBXFileReference; fileEncoding = 4; lastKnownFileType = sourcecode.c.objc; path = ContactsTableViewController.m; sourceTree = SOURCE_ROOT; };
		27DCC9DD1B8A98D400207340 /* dollar103-2.png */ = {isa = PBXFileReference; lastKnownFileType = image.png; name = "dollar103-2.png"; path = "../../../Downloads/dollar103-2.png"; sourceTree = "<group>"; };
		27DCC9E71B9EB4E800207340 /* information15-3.png */ = {isa = PBXFileReference; lastKnownFileType = image.png; name = "information15-3.png"; path = "../../../Downloads/information15-3.png"; sourceTree = "<group>"; };
		27DCC9E91B9FF89E00207340 /* AddressBook.h */ = {isa = PBXFileReference; fileEncoding = 4; lastKnownFileType = sourcecode.c.h; path = AddressBook.h; sourceTree = "<group>"; };
		27DCC9EA1B9FF89E00207340 /* AddressBook.m */ = {isa = PBXFileReference; fileEncoding = 4; lastKnownFileType = sourcecode.c.objc; path = AddressBook.m; sourceTree = "<group>"; };
		BF7776B71B38928D00526CB0 /* ListDetailTableViewController.h */ = {isa = PBXFileReference; fileEncoding = 4; lastKnownFileType = sourcecode.c.h; path = ListDetailTableViewController.h; sourceTree = "<group>"; };
		BF7776B81B38928D00526CB0 /* ListDetailTableViewController.m */ = {isa = PBXFileReference; fileEncoding = 4; lastKnownFileType = sourcecode.c.objc; path = ListDetailTableViewController.m; sourceTree = "<group>"; };
		BF7776BA1B38D0DB00526CB0 /* ListItem.h */ = {isa = PBXFileReference; fileEncoding = 4; lastKnownFileType = sourcecode.c.h; path = ListItem.h; sourceTree = "<group>"; };
		BF7776BB1B38D0DB00526CB0 /* ListItem.m */ = {isa = PBXFileReference; fileEncoding = 4; lastKnownFileType = sourcecode.c.objc; path = ListItem.m; sourceTree = "<group>"; };
/* End PBXFileReference section */

/* Begin PBXFrameworksBuildPhase section */
		27C70EFC1B32AF8000DADEB3 /* Frameworks */ = {
			isa = PBXFrameworksBuildPhase;
			buildActionMask = 2147483647;
			files = (
				27B03A021B43B8660054B6D2 /* AddressBook.framework in Frameworks */,
				27B03A031B43B8660054B6D2 /* AddressBookUI.framework in Frameworks */,
			);
			runOnlyForDeploymentPostprocessing = 0;
		};
		27C70F151B32AF8000DADEB3 /* Frameworks */ = {
			isa = PBXFrameworksBuildPhase;
			buildActionMask = 2147483647;
			files = (
			);
			runOnlyForDeploymentPostprocessing = 0;
		};
/* End PBXFrameworksBuildPhase section */

/* Begin PBXGroup section */
		27C70EF61B32AF7F00DADEB3 = {
			isa = PBXGroup;
			children = (
				27AAC22A1B50ABAF00D99171 /* NewItemTableViewController.h */,
				27AAC22B1B50ABAF00D99171 /* NewItemTableViewController.m */,
				27B03A001B43B8660054B6D2 /* AddressBook.framework */,
				27B03A011B43B8660054B6D2 /* AddressBookUI.framework */,
				27C70F091B32AF8000DADEB3 /* ShlistServer.h */,
				27C70F0A1B32AF8000DADEB3 /* ShlistServer.m */,
				27C70F011B32AF8000DADEB3 /* shlist */,
				27C70F1B1B32AF8000DADEB3 /* shlistTests */,
				27C70F001B32AF8000DADEB3 /* Products */,
			);
			sourceTree = "<group>";
		};
		27C70F001B32AF8000DADEB3 /* Products */ = {
			isa = PBXGroup;
			children = (
				27C70EFF1B32AF8000DADEB3 /* shlist.app */,
				27C70F181B32AF8000DADEB3 /* shlistTests.xctest */,
			);
			name = Products;
			sourceTree = "<group>";
		};
		27C70F011B32AF8000DADEB3 /* shlist */ = {
			isa = PBXGroup;
			children = (
				27DCC9E91B9FF89E00207340 /* AddressBook.h */,
				27DCC9EA1B9FF89E00207340 /* AddressBook.m */,
				27C70F061B32AF8000DADEB3 /* AppDelegate.h */,
				27C70F071B32AF8000DADEB3 /* AppDelegate.m */,
				27D805711BA2649D00867494 /* ContactsTableViewController.h */,
				27D805721BA2649D00867494 /* ContactsTableViewController.m */,
				27B039FD1B43B6830054B6D2 /* ContactsViewController.h */,
				27B039FE1B43B6830054B6D2 /* ContactsViewController.m */,
				27DCC9DD1B8A98D400207340 /* dollar103-2.png */,
				27C70F0F1B32AF8000DADEB3 /* Images.xcassets */,
				27DCC9E71B9EB4E800207340 /* information15-3.png */,
				27C70F111B32AF8000DADEB3 /* LaunchScreen.xib */,
				BF7776B71B38928D00526CB0 /* ListDetailTableViewController.h */,
				BF7776B81B38928D00526CB0 /* ListDetailTableViewController.m */,
				BF7776BA1B38D0DB00526CB0 /* ListItem.h */,
				BF7776BB1B38D0DB00526CB0 /* ListItem.m */,
				27C70F0C1B32AF8000DADEB3 /* Main.storyboard */,
				27C70F2B1B33F3C300DADEB3 /* NewListViewController.h */,
				27C70F2C1B33F3C300DADEB3 /* NewListViewController.m */,
				27C70F281B33CE2500DADEB3 /* SharedList.h */,
				27C70F291B33D1C900DADEB3 /* SharedList.m */,
				27C70F2E1B33F4FA00DADEB3 /* SharedListsTableViewController.h */,
				27C70F2F1B33F4FA00DADEB3 /* SharedListsTableViewController.m */,
				27C70F021B32AF8000DADEB3 /* Supporting Files */,
			);
			path = shlist;
			sourceTree = "<group>";
		};
		27C70F021B32AF8000DADEB3 /* Supporting Files */ = {
			isa = PBXGroup;
			children = (
				27C70F031B32AF8000DADEB3 /* Info.plist */,
				27C70F041B32AF8000DADEB3 /* main.m */,
			);
			name = "Supporting Files";
			sourceTree = "<group>";
		};
		27C70F1B1B32AF8000DADEB3 /* shlistTests */ = {
			isa = PBXGroup;
			children = (
				27C70F1E1B32AF8000DADEB3 /* shlistTests.m */,
				27C70F1C1B32AF8000DADEB3 /* Supporting Files */,
			);
			path = shlistTests;
			sourceTree = "<group>";
		};
		27C70F1C1B32AF8000DADEB3 /* Supporting Files */ = {
			isa = PBXGroup;
			children = (
				27C70F1D1B32AF8000DADEB3 /* Info.plist */,
			);
			name = "Supporting Files";
			sourceTree = "<group>";
		};
/* End PBXGroup section */

/* Begin PBXNativeTarget section */
		27C70EFE1B32AF8000DADEB3 /* shlist */ = {
			isa = PBXNativeTarget;
			buildConfigurationList = 27C70F221B32AF8000DADEB3 /* Build configuration list for PBXNativeTarget "shlist" */;
			buildPhases = (
				27C70EFB1B32AF8000DADEB3 /* Sources */,
				27C70EFC1B32AF8000DADEB3 /* Frameworks */,
				27C70EFD1B32AF8000DADEB3 /* Resources */,
			);
			buildRules = (
			);
			dependencies = (
			);
			name = shlist;
			productName = shlist;
			productReference = 27C70EFF1B32AF8000DADEB3 /* shlist.app */;
			productType = "com.apple.product-type.application";
		};
		27C70F171B32AF8000DADEB3 /* shlistTests */ = {
			isa = PBXNativeTarget;
			buildConfigurationList = 27C70F251B32AF8000DADEB3 /* Build configuration list for PBXNativeTarget "shlistTests" */;
			buildPhases = (
				27C70F141B32AF8000DADEB3 /* Sources */,
				27C70F151B32AF8000DADEB3 /* Frameworks */,
				27C70F161B32AF8000DADEB3 /* Resources */,
			);
			buildRules = (
			);
			dependencies = (
				27C70F1A1B32AF8000DADEB3 /* PBXTargetDependency */,
			);
			name = shlistTests;
			productName = shlistTests;
			productReference = 27C70F181B32AF8000DADEB3 /* shlistTests.xctest */;
			productType = "com.apple.product-type.bundle.unit-test";
		};
/* End PBXNativeTarget section */

/* Begin PBXProject section */
		27C70EF71B32AF7F00DADEB3 /* Project object */ = {
			isa = PBXProject;
			attributes = {
				LastUpgradeCheck = 0630;
				ORGANIZATIONNAME = octopus;
				TargetAttributes = {
					27C70EFE1B32AF8000DADEB3 = {
						CreatedOnToolsVersion = 6.3.2;
						DevelopmentTeam = U2FXYUBV5L;
					};
					27C70F171B32AF8000DADEB3 = {
						CreatedOnToolsVersion = 6.3.2;
						TestTargetID = 27C70EFE1B32AF8000DADEB3;
					};
				};
			};
			buildConfigurationList = 27C70EFA1B32AF7F00DADEB3 /* Build configuration list for PBXProject "shlist" */;
			compatibilityVersion = "Xcode 3.2";
			developmentRegion = English;
			hasScannedForEncodings = 0;
			knownRegions = (
				en,
				Base,
			);
			mainGroup = 27C70EF61B32AF7F00DADEB3;
			productRefGroup = 27C70F001B32AF8000DADEB3 /* Products */;
			projectDirPath = "";
			projectRoot = "";
			targets = (
				27C70EFE1B32AF8000DADEB3 /* shlist */,
				27C70F171B32AF8000DADEB3 /* shlistTests */,
			);
		};
/* End PBXProject section */

/* Begin PBXResourcesBuildPhase section */
		27C70EFD1B32AF8000DADEB3 /* Resources */ = {
			isa = PBXResourcesBuildPhase;
			buildActionMask = 2147483647;
			files = (
				27C70F0E1B32AF8000DADEB3 /* Main.storyboard in Resources */,
				27C70F131B32AF8000DADEB3 /* LaunchScreen.xib in Resources */,
				27DCC9E81B9EB4E800207340 /* information15-3.png in Resources */,
				27C70F101B32AF8000DADEB3 /* Images.xcassets in Resources */,
				27DCC9DE1B8A98D400207340 /* dollar103-2.png in Resources */,
			);
			runOnlyForDeploymentPostprocessing = 0;
		};
		27C70F161B32AF8000DADEB3 /* Resources */ = {
			isa = PBXResourcesBuildPhase;
			buildActionMask = 2147483647;
			files = (
			);
			runOnlyForDeploymentPostprocessing = 0;
		};
/* End PBXResourcesBuildPhase section */

/* Begin PBXSourcesBuildPhase section */
		27C70EFB1B32AF8000DADEB3 /* Sources */ = {
			isa = PBXSourcesBuildPhase;
			buildActionMask = 2147483647;
			files = (
				BF7776B91B38928D00526CB0 /* ListDetailTableViewController.m in Sources */,
				27AAC22C1B50ABAF00D99171 /* NewItemTableViewController.m in Sources */,
				BF7776BC1B38D0DB00526CB0 /* ListItem.m in Sources */,
				27C70F0B1B32AF8000DADEB3 /* ShlistServer.m in Sources */,
				27D805731BA2649D00867494 /* ContactsTableViewController.m in Sources */,
				27C70F2A1B33D1C900DADEB3 /* SharedList.m in Sources */,
				27C70F2D1B33F3C300DADEB3 /* NewListViewController.m in Sources */,
				27C70F081B32AF8000DADEB3 /* AppDelegate.m in Sources */,
				27B039FF1B43B6830054B6D2 /* ContactsViewController.m in Sources */,
				27DCC9EB1B9FF89E00207340 /* AddressBook.m in Sources */,
				27C70F301B33F4FA00DADEB3 /* SharedListsTableViewController.m in Sources */,
				27C70F051B32AF8000DADEB3 /* main.m in Sources */,
			);
			runOnlyForDeploymentPostprocessing = 0;
		};
		27C70F141B32AF8000DADEB3 /* Sources */ = {
			isa = PBXSourcesBuildPhase;
			buildActionMask = 2147483647;
			files = (
				27C70F1F1B32AF8000DADEB3 /* shlistTests.m in Sources */,
			);
			runOnlyForDeploymentPostprocessing = 0;
		};
/* End PBXSourcesBuildPhase section */

/* Begin PBXTargetDependency section */
		27C70F1A1B32AF8000DADEB3 /* PBXTargetDependency */ = {
			isa = PBXTargetDependency;
			target = 27C70EFE1B32AF8000DADEB3 /* shlist */;
			targetProxy = 27C70F191B32AF8000DADEB3 /* PBXContainerItemProxy */;
		};
/* End PBXTargetDependency section */

/* Begin PBXVariantGroup section */
		27C70F0C1B32AF8000DADEB3 /* Main.storyboard */ = {
			isa = PBXVariantGroup;
			children = (
				27C70F0D1B32AF8000DADEB3 /* Base */,
			);
			name = Main.storyboard;
			sourceTree = "<group>";
		};
		27C70F111B32AF8000DADEB3 /* LaunchScreen.xib */ = {
			isa = PBXVariantGroup;
			children = (
				27C70F121B32AF8000DADEB3 /* Base */,
			);
			name = LaunchScreen.xib;
			sourceTree = "<group>";
		};
/* End PBXVariantGroup section */

/* Begin XCBuildConfiguration section */
		27C70F201B32AF8000DADEB3 /* Debug */ = {
			isa = XCBuildConfiguration;
			buildSettings = {
				ALWAYS_SEARCH_USER_PATHS = NO;
				CLANG_CXX_LANGUAGE_STANDARD = "gnu++0x";
				CLANG_CXX_LIBRARY = "libc++";
				CLANG_ENABLE_MODULES = YES;
				CLANG_ENABLE_OBJC_ARC = YES;
				CLANG_WARN_BOOL_CONVERSION = YES;
				CLANG_WARN_CONSTANT_CONVERSION = YES;
				CLANG_WARN_DIRECT_OBJC_ISA_USAGE = YES_ERROR;
				CLANG_WARN_EMPTY_BODY = YES;
				CLANG_WARN_ENUM_CONVERSION = YES;
				CLANG_WARN_INT_CONVERSION = YES;
				CLANG_WARN_OBJC_ROOT_CLASS = YES_ERROR;
				CLANG_WARN_UNREACHABLE_CODE = YES;
				CLANG_WARN__DUPLICATE_METHOD_MATCH = YES;
				"CODE_SIGN_IDENTITY[sdk=iphoneos*]" = "iPhone Developer";
				COPY_PHASE_STRIP = NO;
				DEBUG_INFORMATION_FORMAT = "dwarf-with-dsym";
				ENABLE_STRICT_OBJC_MSGSEND = YES;
				GCC_C_LANGUAGE_STANDARD = gnu99;
				GCC_DYNAMIC_NO_PIC = NO;
				GCC_NO_COMMON_BLOCKS = YES;
				GCC_OPTIMIZATION_LEVEL = 0;
				GCC_PREPROCESSOR_DEFINITIONS = (
					"DEBUG=1",
					"$(inherited)",
				);
				GCC_SYMBOLS_PRIVATE_EXTERN = NO;
				GCC_WARN_64_TO_32_BIT_CONVERSION = YES;
				GCC_WARN_ABOUT_RETURN_TYPE = YES_ERROR;
				GCC_WARN_UNDECLARED_SELECTOR = YES;
				GCC_WARN_UNINITIALIZED_AUTOS = YES_AGGRESSIVE;
				GCC_WARN_UNUSED_FUNCTION = YES;
				GCC_WARN_UNUSED_VARIABLE = YES;
				IPHONEOS_DEPLOYMENT_TARGET = 8.3;
				MTL_ENABLE_DEBUG_INFO = YES;
				ONLY_ACTIVE_ARCH = YES;
				SDKROOT = iphoneos;
				TARGETED_DEVICE_FAMILY = "1,2";
			};
			name = Debug;
		};
		27C70F211B32AF8000DADEB3 /* Release */ = {
			isa = XCBuildConfiguration;
			buildSettings = {
				ALWAYS_SEARCH_USER_PATHS = NO;
				CLANG_CXX_LANGUAGE_STANDARD = "gnu++0x";
				CLANG_CXX_LIBRARY = "libc++";
				CLANG_ENABLE_MODULES = YES;
				CLANG_ENABLE_OBJC_ARC = YES;
				CLANG_WARN_BOOL_CONVERSION = YES;
				CLANG_WARN_CONSTANT_CONVERSION = YES;
				CLANG_WARN_DIRECT_OBJC_ISA_USAGE = YES_ERROR;
				CLANG_WARN_EMPTY_BODY = YES;
				CLANG_WARN_ENUM_CONVERSION = YES;
				CLANG_WARN_INT_CONVERSION = YES;
				CLANG_WARN_OBJC_ROOT_CLASS = YES_ERROR;
				CLANG_WARN_UNREACHABLE_CODE = YES;
				CLANG_WARN__DUPLICATE_METHOD_MATCH = YES;
				"CODE_SIGN_IDENTITY[sdk=iphoneos*]" = "iPhone Developer";
				COPY_PHASE_STRIP = NO;
				DEBUG_INFORMATION_FORMAT = "dwarf-with-dsym";
				ENABLE_NS_ASSERTIONS = NO;
				ENABLE_STRICT_OBJC_MSGSEND = YES;
				GCC_C_LANGUAGE_STANDARD = gnu99;
				GCC_NO_COMMON_BLOCKS = YES;
				GCC_WARN_64_TO_32_BIT_CONVERSION = YES;
				GCC_WARN_ABOUT_RETURN_TYPE = YES_ERROR;
				GCC_WARN_UNDECLARED_SELECTOR = YES;
				GCC_WARN_UNINITIALIZED_AUTOS = YES_AGGRESSIVE;
				GCC_WARN_UNUSED_FUNCTION = YES;
				GCC_WARN_UNUSED_VARIABLE = YES;
				IPHONEOS_DEPLOYMENT_TARGET = 8.3;
				MTL_ENABLE_DEBUG_INFO = NO;
				SDKROOT = iphoneos;
				TARGETED_DEVICE_FAMILY = "1,2";
				VALIDATE_PRODUCT = YES;
			};
			name = Release;
		};
		27C70F231B32AF8000DADEB3 /* Debug */ = {
			isa = XCBuildConfiguration;
			buildSettings = {
				ASSETCATALOG_COMPILER_APPICON_NAME = AppIcon;
				CODE_SIGN_IDENTITY = "iPhone Developer";
				"CODE_SIGN_IDENTITY[sdk=iphoneos*]" = "iPhone Developer";
				INFOPLIST_FILE = shlist/Info.plist;
				IPHONEOS_DEPLOYMENT_TARGET = 7.1;
				LD_RUNPATH_SEARCH_PATHS = "$(inherited) @executable_path/Frameworks";
				PRODUCT_NAME = "$(TARGET_NAME)";
				PROVISIONING_PROFILE = "";
			};
			name = Debug;
		};
		27C70F241B32AF8000DADEB3 /* Release */ = {
			isa = XCBuildConfiguration;
			buildSettings = {
				ASSETCATALOG_COMPILER_APPICON_NAME = AppIcon;
				CODE_SIGN_IDENTITY = "iPhone Developer";
				"CODE_SIGN_IDENTITY[sdk=iphoneos*]" = "iPhone Developer";
				INFOPLIST_FILE = shlist/Info.plist;
				IPHONEOS_DEPLOYMENT_TARGET = 7.1;
				LD_RUNPATH_SEARCH_PATHS = "$(inherited) @executable_path/Frameworks";
				PRODUCT_NAME = "$(TARGET_NAME)";
				PROVISIONING_PROFILE = "";
			};
			name = Release;
		};
		27C70F261B32AF8000DADEB3 /* Debug */ = {
			isa = XCBuildConfiguration;
			buildSettings = {
				BUNDLE_LOADER = "$(TEST_HOST)";
				FRAMEWORK_SEARCH_PATHS = (
					"$(SDKROOT)/Developer/Library/Frameworks",
					"$(inherited)",
				);
				GCC_PREPROCESSOR_DEFINITIONS = (
					"DEBUG=1",
					"$(inherited)",
				);
				INFOPLIST_FILE = shlistTests/Info.plist;
				LD_RUNPATH_SEARCH_PATHS = "$(inherited) @executable_path/Frameworks @loader_path/Frameworks";
				PRODUCT_NAME = "$(TARGET_NAME)";
				TEST_HOST = "$(BUILT_PRODUCTS_DIR)/shlist.app/shlist";
			};
			name = Debug;
		};
		27C70F271B32AF8000DADEB3 /* Release */ = {
			isa = XCBuildConfiguration;
			buildSettings = {
				BUNDLE_LOADER = "$(TEST_HOST)";
				FRAMEWORK_SEARCH_PATHS = (
					"$(SDKROOT)/Developer/Library/Frameworks",
					"$(inherited)",
				);
				INFOPLIST_FILE = shlistTests/Info.plist;
				LD_RUNPATH_SEARCH_PATHS = "$(inherited) @executable_path/Frameworks @loader_path/Frameworks";
				PRODUCT_NAME = "$(TARGET_NAME)";
				TEST_HOST = "$(BUILT_PRODUCTS_DIR)/shlist.app/shlist";
			};
			name = Release;
		};
/* End XCBuildConfiguration section */

/* Begin XCConfigurationList section */
		27C70EFA1B32AF7F00DADEB3 /* Build configuration list for PBXProject "shlist" */ = {
			isa = XCConfigurationList;
			buildConfigurations = (
				27C70F201B32AF8000DADEB3 /* Debug */,
				27C70F211B32AF8000DADEB3 /* Release */,
			);
			defaultConfigurationIsVisible = 0;
			defaultConfigurationName = Release;
		};
		27C70F221B32AF8000DADEB3 /* Build configuration list for PBXNativeTarget "shlist" */ = {
			isa = XCConfigurationList;
			buildConfigurations = (
				27C70F231B32AF8000DADEB3 /* Debug */,
				27C70F241B32AF8000DADEB3 /* Release */,
			);
			defaultConfigurationIsVisible = 0;
			defaultConfigurationName = Release;
		};
		27C70F251B32AF8000DADEB3 /* Build configuration list for PBXNativeTarget "shlistTests" */ = {
			isa = XCConfigurationList;
			buildConfigurations = (
				27C70F261B32AF8000DADEB3 /* Debug */,
				27C70F271B32AF8000DADEB3 /* Release */,
			);
			defaultConfigurationIsVisible = 0;
			defaultConfigurationName = Release;
		};
/* End XCConfigurationList section */
	};
	rootObject = 27C70EF71B32AF7F00DADEB3 /* Project object */;
}
